
Microsoft Visual Studio Solution File, Format Version 12.00
# Visual Studio Version 16
VisualStudioVersion = 16.0.31129.286
MinimumVisualStudioVersion = 10.0.40219.1
Project("{FAE04EC0-301F-11D3-BF4B-00C04F79EFBC}") = "CayleyTree", "CayleyTree\CayleyTree.csproj", "{028F2564-73B9-4B18-9917-CE955F29952D}"
EndProject
Global
	GlobalSection(SolutionConfigurationPlatforms) = preSolution
		Debug|Any CPU = Debug|Any CPU
		Release|Any CPU = Release|Any CPU
	EndGlobalSection
	GlobalSection(ProjectConfigurationPlatforms) = postSolution
		{028F2564-73B9-4B18-9917-CE955F29952D}.Debug|Any CPU.ActiveCfg = Debug|Any CPU
		{028F2564-73B9-4B18-9917-CE955F29952D}.Debug|Any CPU.Build.0 = Debug|Any CPU
		{028F2564-73B9-4B18-9917-CE955F29952D}.Release|Any CPU.ActiveCfg = Release|Any CPU
		{028F2564-73B9-4B18-9917-CE955F29952D}.Release|Any CPU.Build.0 = Release|Any CPU
	EndGlobalSection
	GlobalSection(SolutionProperties) = preSolution
		HideSolutionNode = FALSE
	EndGlobalSection
	GlobalSection(ExtensibilityGlobals) = postSolution
		SolutionGuid = {5935EC2A-913F-43A9-AA94-1C5332FA4B14}
	EndGlobalSection
EndGlobal
